// !$*UTF8*$!
{
	archiveVersion = 1;
	classes = {
	};
	objectVersion = 50;
	objects = {

/* Begin PBXBuildFile section */
		6418F775235F4A8400CE2EAE /* UIKit+Extension.swift in Sources */ = {isa = PBXBuildFile; fileRef = 6418F774235F4A8400CE2EAE /* UIKit+Extension.swift */; };
		64853755236786B700C0FCAA /* CGPoint+Extension.swift in Sources */ = {isa = PBXBuildFile; fileRef = 64853754236786B700C0FCAA /* CGPoint+Extension.swift */; };
		648537572367CDB500C0FCAA /* CGFloat+Extension.swift in Sources */ = {isa = PBXBuildFile; fileRef = 648537562367CDB500C0FCAA /* CGFloat+Extension.swift */; };
		64C8C756235FE68A0099949C /* ARKit+Extension.swift in Sources */ = {isa = PBXBuildFile; fileRef = 64C8C755235FE68A0099949C /* ARKit+Extension.swift */; };
		64EC6A52235F3E0C00CB6B59 /* AppDelegate.swift in Sources */ = {isa = PBXBuildFile; fileRef = 64EC6A51235F3E0C00CB6B59 /* AppDelegate.swift */; };
		64EC6A54235F3E0C00CB6B59 /* ViewController.swift in Sources */ = {isa = PBXBuildFile; fileRef = 64EC6A53235F3E0C00CB6B59 /* ViewController.swift */; };
		64EC6A59235F3E0C00CB6B59 /* Main.storyboard in Resources */ = {isa = PBXBuildFile; fileRef = 64EC6A57235F3E0C00CB6B59 /* Main.storyboard */; };
		64EC6A5B235F3E0E00CB6B59 /* Assets.xcassets in Resources */ = {isa = PBXBuildFile; fileRef = 64EC6A5A235F3E0E00CB6B59 /* Assets.xcassets */; };
		64EC6A5E235F3E0E00CB6B59 /* LaunchScreen.storyboard in Resources */ = {isa = PBXBuildFile; fileRef = 64EC6A5C235F3E0E00CB6B59 /* LaunchScreen.storyboard */; };
/* End PBXBuildFile section */

/* Begin PBXFileReference section */
		6418F774235F4A8400CE2EAE /* UIKit+Extension.swift */ = {isa = PBXFileReference; lastKnownFileType = sourcecode.swift; path = "UIKit+Extension.swift"; sourceTree = "<group>"; };
		64853754236786B700C0FCAA /* CGPoint+Extension.swift */ = {isa = PBXFileReference; lastKnownFileType = sourcecode.swift; path = "CGPoint+Extension.swift"; sourceTree = "<group>"; };
		648537562367CDB500C0FCAA /* CGFloat+Extension.swift */ = {isa = PBXFileReference; lastKnownFileType = sourcecode.swift; path = "CGFloat+Extension.swift"; sourceTree = "<group>"; };
		64C8C755235FE68A0099949C /* ARKit+Extension.swift */ = {isa = PBXFileReference; lastKnownFileType = sourcecode.swift; path = "ARKit+Extension.swift"; sourceTree = "<group>"; };
		64EC6A4E235F3E0C00CB6B59 /* Body Detection.app */ = {isa = PBXFileReference; explicitFileType = wrapper.application; includeInIndex = 0; path = "Body Detection.app"; sourceTree = BUILT_PRODUCTS_DIR; };
		64EC6A51235F3E0C00CB6B59 /* AppDelegate.swift */ = {isa = PBXFileReference; lastKnownFileType = sourcecode.swift; path = AppDelegate.swift; sourceTree = "<group>"; };
		64EC6A53235F3E0C00CB6B59 /* ViewController.swift */ = {isa = PBXFileReference; lastKnownFileType = sourcecode.swift; path = ViewController.swift; sourceTree = "<group>"; };
		64EC6A58235F3E0C00CB6B59 /* Base */ = {isa = PBXFileReference; lastKnownFileType = file.storyboard; name = Base; path = Base.lproj/Main.storyboard; sourceTree = "<group>"; };
		64EC6A5A235F3E0E00CB6B59 /* Assets.xcassets */ = {isa = PBXFileReference; lastKnownFileType = folder.assetcatalog; path = Assets.xcassets; sourceTree = "<group>"; };
		64EC6A5D235F3E0E00CB6B59 /* Base */ = {isa = PBXFileReference; lastKnownFileType = file.storyboard; name = Base; path = Base.lproj/LaunchScreen.storyboard; sourceTree = "<group>"; };
		64EC6A5F235F3E0E00CB6B59 /* Info.plist */ = {isa = PBXFileReference; lastKnownFileType = text.plist.xml; path = Info.plist; sourceTree = "<group>"; };
/* End PBXFileReference section */

/* Begin PBXFrameworksBuildPhase section */
		64EC6A4B235F3E0C00CB6B59 /* Frameworks */ = {
			isa = PBXFrameworksBuildPhase;
			buildActionMask = 2147483647;
			files = (
			);
			runOnlyForDeploymentPostprocessing = 0;
		};
/* End PBXFrameworksBuildPhase section */

/* Begin PBXGroup section */
		6418F773235F4A7200CE2EAE /* Extensions */ = {
			isa = PBXGroup;
			children = (
				6418F774235F4A8400CE2EAE /* UIKit+Extension.swift */,
				64C8C755235FE68A0099949C /* ARKit+Extension.swift */,
				64853754236786B700C0FCAA /* CGPoint+Extension.swift */,
				648537562367CDB500C0FCAA /* CGFloat+Extension.swift */,
			);
			path = Extensions;
			sourceTree = "<group>";
		};
		64C8C752235FE4790099949C /* Model */ = {
			isa = PBXGroup;
			children = (
			);
			path = Model;
			sourceTree = "<group>";
		};
		64C8C753235FE4880099949C /* View */ = {
			isa = PBXGroup;
			children = (
				64EC6A5A235F3E0E00CB6B59 /* Assets.xcassets */,
				64EC6A57235F3E0C00CB6B59 /* Main.storyboard */,
				64EC6A5C235F3E0E00CB6B59 /* LaunchScreen.storyboard */,
			);
			path = View;
			sourceTree = "<group>";
		};
		64C8C754235FE48E0099949C /* Controller */ = {
			isa = PBXGroup;
			children = (
				64EC6A53235F3E0C00CB6B59 /* ViewController.swift */,
			);
			path = Controller;
			sourceTree = "<group>";
		};
		64EC6A45235F3E0C00CB6B59 = {
			isa = PBXGroup;
			children = (
				64EC6A50235F3E0C00CB6B59 /* bodyDetection */,
				64EC6A4F235F3E0C00CB6B59 /* Products */,
			);
			sourceTree = "<group>";
		};
		64EC6A4F235F3E0C00CB6B59 /* Products */ = {
			isa = PBXGroup;
			children = (
				64EC6A4E235F3E0C00CB6B59 /* Body Detection.app */,
			);
			name = Products;
			sourceTree = "<group>";
		};
		64EC6A50235F3E0C00CB6B59 /* bodyDetection */ = {
			isa = PBXGroup;
			children = (
				64C8C752235FE4790099949C /* Model */,
				64C8C753235FE4880099949C /* View */,
				64C8C754235FE48E0099949C /* Controller */,
				6418F773235F4A7200CE2EAE /* Extensions */,
				64EC6A51235F3E0C00CB6B59 /* AppDelegate.swift */,
				64EC6A5F235F3E0E00CB6B59 /* Info.plist */,
			);
			path = bodyDetection;
			sourceTree = "<group>";
		};
/* End PBXGroup section */

/* Begin PBXNativeTarget section */
		64EC6A4D235F3E0C00CB6B59 /* bodyDetection */ = {
			isa = PBXNativeTarget;
			buildConfigurationList = 64EC6A62235F3E0E00CB6B59 /* Build configuration list for PBXNativeTarget "bodyDetection" */;
			buildPhases = (
				64EC6A4A235F3E0C00CB6B59 /* Sources */,
				64EC6A4B235F3E0C00CB6B59 /* Frameworks */,
				64EC6A4C235F3E0C00CB6B59 /* Resources */,
			);
			buildRules = (
			);
			dependencies = (
			);
			name = bodyDetection;
			productName = bodyDetection;
			productReference = 64EC6A4E235F3E0C00CB6B59 /* Body Detection.app */;
			productType = "com.apple.product-type.application";
		};
/* End PBXNativeTarget section */

/* Begin PBXProject section */
		64EC6A46235F3E0C00CB6B59 /* Project object */ = {
			isa = PBXProject;
			attributes = {
				LastSwiftUpdateCheck = 1110;
				LastUpgradeCheck = 1110;
				ORGANIZATIONNAME = "Andressa Valengo";
				TargetAttributes = {
					64EC6A4D235F3E0C00CB6B59 = {
						CreatedOnToolsVersion = 11.1;
					};
				};
			};
			buildConfigurationList = 64EC6A49235F3E0C00CB6B59 /* Build configuration list for PBXProject "bodyDetection" */;
			compatibilityVersion = "Xcode 9.3";
			developmentRegion = en;
			hasScannedForEncodings = 0;
			knownRegions = (
				en,
				Base,
			);
			mainGroup = 64EC6A45235F3E0C00CB6B59;
			productRefGroup = 64EC6A4F235F3E0C00CB6B59 /* Products */;
			projectDirPath = "";
			projectRoot = "";
			targets = (
				64EC6A4D235F3E0C00CB6B59 /* bodyDetection */,
			);
		};
/* End PBXProject section */

/* Begin PBXResourcesBuildPhase section */
		64EC6A4C235F3E0C00CB6B59 /* Resources */ = {
			isa = PBXResourcesBuildPhase;
			buildActionMask = 2147483647;
			files = (
				64EC6A5E235F3E0E00CB6B59 /* LaunchScreen.storyboard in Resources */,
				64EC6A5B235F3E0E00CB6B59 /* Assets.xcassets in Resources */,
				64EC6A59235F3E0C00CB6B59 /* Main.storyboard in Resources */,
			);
			runOnlyForDeploymentPostprocessing = 0;
		};
/* End PBXResourcesBuildPhase section */

/* Begin PBXSourcesBuildPhase section */
		64EC6A4A235F3E0C00CB6B59 /* Sources */ = {
			isa = PBXSourcesBuildPhase;
			buildActionMask = 2147483647;
			files = (
				64C8C756235FE68A0099949C /* ARKit+Extension.swift in Sources */,
				64EC6A54235F3E0C00CB6B59 /* ViewController.swift in Sources */,
				648537572367CDB500C0FCAA /* CGFloat+Extension.swift in Sources */,
				6418F775235F4A8400CE2EAE /* UIKit+Extension.swift in Sources */,
				64853755236786B700C0FCAA /* CGPoint+Extension.swift in Sources */,
				64EC6A52235F3E0C00CB6B59 /* AppDelegate.swift in Sources */,
			);
			runOnlyForDeploymentPostprocessing = 0;
		};
/* End PBXSourcesBuildPhase section */

/* Begin PBXVariantGroup section */
		64EC6A57235F3E0C00CB6B59 /* Main.storyboard */ = {
			isa = PBXVariantGroup;
			children = (
				64EC6A58235F3E0C00CB6B59 /* Base */,
			);
			name = Main.storyboard;
			sourceTree = "<group>";
		};
		64EC6A5C235F3E0E00CB6B59 /* LaunchScreen.storyboard */ = {
			isa = PBXVariantGroup;
			children = (
				64EC6A5D235F3E0E00CB6B59 /* Base */,
			);
			name = LaunchScreen.storyboard;
			sourceTree = "<group>";
		};
/* End PBXVariantGroup section */

/* Begin XCBuildConfiguration section */
		64EC6A60235F3E0E00CB6B59 /* Debug */ = {
			isa = XCBuildConfiguration;
			buildSettings = {
				ALWAYS_SEARCH_USER_PATHS = NO;
				CLANG_ANALYZER_NONNULL = YES;
				CLANG_ANALYZER_NUMBER_OBJECT_CONVERSION = YES_AGGRESSIVE;
				CLANG_CXX_LANGUAGE_STANDARD = "gnu++14";
				CLANG_CXX_LIBRARY = "libc++";
				CLANG_ENABLE_MODULES = YES;
				CLANG_ENABLE_OBJC_ARC = YES;
				CLANG_ENABLE_OBJC_WEAK = YES;
				CLANG_WARN_BLOCK_CAPTURE_AUTORELEASING = YES;
				CLANG_WARN_BOOL_CONVERSION = YES;
				CLANG_WARN_COMMA = YES;
				CLANG_WARN_CONSTANT_CONVERSION = YES;
				CLANG_WARN_DEPRECATED_OBJC_IMPLEMENTATIONS = YES;
				CLANG_WARN_DIRECT_OBJC_ISA_USAGE = YES_ERROR;
				CLANG_WARN_DOCUMENTATION_COMMENTS = YES;
				CLANG_WARN_EMPTY_BODY = YES;
				CLANG_WARN_ENUM_CONVERSION = YES;
				CLANG_WARN_INFINITE_RECURSION = YES;
				CLANG_WARN_INT_CONVERSION = YES;
				CLANG_WARN_NON_LITERAL_NULL_CONVERSION = YES;
				CLANG_WARN_OBJC_IMPLICIT_RETAIN_SELF = YES;
				CLANG_WARN_OBJC_LITERAL_CONVERSION = YES;
				CLANG_WARN_OBJC_ROOT_CLASS = YES_ERROR;
				CLANG_WARN_RANGE_LOOP_ANALYSIS = YES;
				CLANG_WARN_STRICT_PROTOTYPES = YES;
				CLANG_WARN_SUSPICIOUS_MOVE = YES;
				CLANG_WARN_UNGUARDED_AVAILABILITY = YES_AGGRESSIVE;
				CLANG_WARN_UNREACHABLE_CODE = YES;
				CLANG_WARN__DUPLICATE_METHOD_MATCH = YES;
				COPY_PHASE_STRIP = NO;
				DEBUG_INFORMATION_FORMAT = dwarf;
				ENABLE_STRICT_OBJC_MSGSEND = YES;
				ENABLE_TESTABILITY = YES;
				GCC_C_LANGUAGE_STANDARD = gnu11;
				GCC_DYNAMIC_NO_PIC = NO;
				GCC_NO_COMMON_BLOCKS = YES;
				GCC_OPTIMIZATION_LEVEL = 0;
				GCC_PREPROCESSOR_DEFINITIONS = (
					"DEBUG=1",
					"$(inherited)",
				);
				GCC_WARN_64_TO_32_BIT_CONVERSION = YES;
				GCC_WARN_ABOUT_RETURN_TYPE = YES_ERROR;
				GCC_WARN_UNDECLARED_SELECTOR = YES;
				GCC_WARN_UNINITIALIZED_AUTOS = YES_AGGRESSIVE;
				GCC_WARN_UNUSED_FUNCTION = YES;
				GCC_WARN_UNUSED_VARIABLE = YES;
				IPHONEOS_DEPLOYMENT_TARGET = 13.1;
				MTL_ENABLE_DEBUG_INFO = INCLUDE_SOURCE;
				MTL_FAST_MATH = YES;
				ONLY_ACTIVE_ARCH = YES;
				SDKROOT = iphoneos;
				SWIFT_ACTIVE_COMPILATION_CONDITIONS = DEBUG;
				SWIFT_OPTIMIZATION_LEVEL = "-Onone";
			};
			name = Debug;
		};
		64EC6A61235F3E0E00CB6B59 /* Release */ = {
			isa = XCBuildConfiguration;
			buildSettings = {
				ALWAYS_SEARCH_USER_PATHS = NO;
				CLANG_ANALYZER_NONNULL = YES;
				CLANG_ANALYZER_NUMBER_OBJECT_CONVERSION = YES_AGGRESSIVE;
				CLANG_CXX_LANGUAGE_STANDARD = "gnu++14";
				CLANG_CXX_LIBRARY = "libc++";
				CLANG_ENABLE_MODULES = YES;
				CLANG_ENABLE_OBJC_ARC = YES;
				CLANG_ENABLE_OBJC_WEAK = YES;
				CLANG_WARN_BLOCK_CAPTURE_AUTORELEASING = YES;
				CLANG_WARN_BOOL_CONVERSION = YES;
				CLANG_WARN_COMMA = YES;
				CLANG_WARN_CONSTANT_CONVERSION = YES;
				CLANG_WARN_DEPRECATED_OBJC_IMPLEMENTATIONS = YES;
				CLANG_WARN_DIRECT_OBJC_ISA_USAGE = YES_ERROR;
				CLANG_WARN_DOCUMENTATION_COMMENTS = YES;
				CLANG_WARN_EMPTY_BODY = YES;
				CLANG_WARN_ENUM_CONVERSION = YES;
				CLANG_WARN_INFINITE_RECURSION = YES;
				CLANG_WARN_INT_CONVERSION = YES;
				CLANG_WARN_NON_LITERAL_NULL_CONVERSION = YES;
				CLANG_WARN_OBJC_IMPLICIT_RETAIN_SELF = YES;
				CLANG_WARN_OBJC_LITERAL_CONVERSION = YES;
				CLANG_WARN_OBJC_ROOT_CLASS = YES_ERROR;
				CLANG_WARN_RANGE_LOOP_ANALYSIS = YES;
				CLANG_WARN_STRICT_PROTOTYPES = YES;
				CLANG_WARN_SUSPICIOUS_MOVE = YES;
				CLANG_WARN_UNGUARDED_AVAILABILITY = YES_AGGRESSIVE;
				CLANG_WARN_UNREACHABLE_CODE = YES;
				CLANG_WARN__DUPLICATE_METHOD_MATCH = YES;
				COPY_PHASE_STRIP = NO;
				DEBUG_INFORMATION_FORMAT = "dwarf-with-dsym";
				ENABLE_NS_ASSERTIONS = NO;
				ENABLE_STRICT_OBJC_MSGSEND = YES;
				GCC_C_LANGUAGE_STANDARD = gnu11;
				GCC_NO_COMMON_BLOCKS = YES;
				GCC_WARN_64_TO_32_BIT_CONVERSION = YES;
				GCC_WARN_ABOUT_RETURN_TYPE = YES_ERROR;
				GCC_WARN_UNDECLARED_SELECTOR = YES;
				GCC_WARN_UNINITIALIZED_AUTOS = YES_AGGRESSIVE;
				GCC_WARN_UNUSED_FUNCTION = YES;
				GCC_WARN_UNUSED_VARIABLE = YES;
				IPHONEOS_DEPLOYMENT_TARGET = 13.1;
				MTL_ENABLE_DEBUG_INFO = NO;
				MTL_FAST_MATH = YES;
				SDKROOT = iphoneos;
				SWIFT_COMPILATION_MODE = wholemodule;
				SWIFT_OPTIMIZATION_LEVEL = "-O";
				VALIDATE_PRODUCT = YES;
			};
			name = Release;
		};
		64EC6A63235F3E0E00CB6B59 /* Debug */ = {
			isa = XCBuildConfiguration;
			buildSettings = {
				ASSETCATALOG_COMPILER_APPICON_NAME = AppIcon;
				CODE_SIGN_STYLE = Automatic;
				DEVELOPMENT_TEAM = UDGF2JUP82;
				INFOPLIST_FILE = bodyDetection/Info.plist;
				LD_RUNPATH_SEARCH_PATHS = (
					"$(inherited)",
					"@executable_path/Frameworks",
				);
				PRODUCT_BUNDLE_IDENTIFIER = andydeva.bodyDetection;
				PRODUCT_NAME = "Body Detection";
				SWIFT_VERSION = 5.0;
				TARGETED_DEVICE_FAMILY = "1,2";
			};
			name = Debug;
		};
		64EC6A64235F3E0E00CB6B59 /* Release */ = {
			isa = XCBuildConfiguration;
			buildSettings = {
				ASSETCATALOG_COMPILER_APPICON_NAME = AppIcon;
				CODE_SIGN_STYLE = Automatic;
				DEVELOPMENT_TEAM = UDGF2JUP82;
				INFOPLIST_FILE = bodyDetection/Info.plist;
				LD_RUNPATH_SEARCH_PATHS = (
					"$(inherited)",
					"@executable_path/Frameworks",
				);
				PRODUCT_BUNDLE_IDENTIFIER = andydeva.bodyDetection;
				PRODUCT_NAME = "Body Detection";
				SWIFT_VERSION = 5.0;
				TARGETED_DEVICE_FAMILY = "1,2";
			};
			name = Release;
		};
/* End XCBuildConfiguration section */

/* Begin XCConfigurationList section */
		64EC6A49235F3E0C00CB6B59 /* Build configuration list for PBXProject "bodyDetection" */ = {
			isa = XCConfigurationList;
			buildConfigurations = (
				64EC6A60235F3E0E00CB6B59 /* Debug */,
				64EC6A61235F3E0E00CB6B59 /* Release */,
			);
			defaultConfigurationIsVisible = 0;
			defaultConfigurationName = Release;
		};
		64EC6A62235F3E0E00CB6B59 /* Build configuration list for PBXNativeTarget "bodyDetection" */ = {
			isa = XCConfigurationList;
			buildConfigurations = (
				64EC6A63235F3E0E00CB6B59 /* Debug */,
				64EC6A64235F3E0E00CB6B59 /* Release */,
			);
			defaultConfigurationIsVisible = 0;
			defaultConfigurationName = Release;
		};
/* End XCConfigurationList section */
	};
	rootObject = 64EC6A46235F3E0C00CB6B59 /* Project object */;
}
